
Microsoft Visual Studio Solution File, Format Version 12.00
# Visual Studio Version 17
VisualStudioVersion = 17.7.34221.43
MinimumVisualStudioVersion = 10.0.40219.1
Project("{FAE04EC0-301F-11D3-BF4B-00C04F79EFBC}") = "perimetro de un triangulo", "perimetro de un triangulo\perimetro de un triangulo.csproj", "{4E82283F-403B-49F9-822C-BB02A165CDCA}"
EndProject
Global
	GlobalSection(SolutionConfigurationPlatforms) = preSolution
		Debug|Any CPU = Debug|Any CPU
		Release|Any CPU = Release|Any CPU
	EndGlobalSection
	GlobalSection(ProjectConfigurationPlatforms) = postSolution
		{4E82283F-403B-49F9-822C-BB02A165CDCA}.Debug|Any CPU.ActiveCfg = Debug|Any CPU
		{4E82283F-403B-49F9-822C-BB02A165CDCA}.Debug|Any CPU.Build.0 = Debug|Any CPU
		{4E82283F-403B-49F9-822C-BB02A165CDCA}.Release|Any CPU.ActiveCfg = Release|Any CPU
		{4E82283F-403B-49F9-822C-BB02A165CDCA}.Release|Any CPU.Build.0 = Release|Any CPU
	EndGlobalSection
	GlobalSection(SolutionProperties) = preSolution
		HideSolutionNode = FALSE
	EndGlobalSection
	GlobalSection(ExtensibilityGlobals) = postSolution
		SolutionGuid = {D6BE2194-6BBA-49B0-8EE7-A4999CB94A4D}
	EndGlobalSection
EndGlobal
